
Microsoft Visual Studio Solution File, Format Version 12.00
# Visual Studio Version 16
VisualStudioVersion = 16.0.29709.97
MinimumVisualStudioVersion = 15.0.26124.0
Project("{9A19103F-16F7-4668-BE54-9A1E7A4F7556}") = "EA.Audit.AuditService", "EA.Audit.AuditService\EA.Audit.AuditService.csproj", "{CDF94F18-399B-442D-9AE7-1AF462455E59}"
EndProject
Project("{9A19103F-16F7-4668-BE54-9A1E7A4F7556}") = "EA.Audit.AuditService.Tests", "EA.Audit.AuditService.Tests\EA.Audit.AuditService.Tests.csproj", "{F9E65EC5-9568-4527-BD16-701FB4416784}"
EndProject
Global
	GlobalSection(SolutionConfigurationPlatforms) = preSolution
		Debug|Any CPU = Debug|Any CPU
		Debug|x64 = Debug|x64
		Debug|x86 = Debug|x86
		Release|Any CPU = Release|Any CPU
		Release|x64 = Release|x64
		Release|x86 = Release|x86
	EndGlobalSection
	GlobalSection(ProjectConfigurationPlatforms) = postSolution
		{CDF94F18-399B-442D-9AE7-1AF462455E59}.Debug|Any CPU.ActiveCfg = Debug|Any CPU
		{CDF94F18-399B-442D-9AE7-1AF462455E59}.Debug|Any CPU.Build.0 = Debug|Any CPU
		{CDF94F18-399B-442D-9AE7-1AF462455E59}.Debug|x64.ActiveCfg = Debug|Any CPU
		{CDF94F18-399B-442D-9AE7-1AF462455E59}.Debug|x64.Build.0 = Debug|Any CPU
		{CDF94F18-399B-442D-9AE7-1AF462455E59}.Debug|x86.ActiveCfg = Debug|Any CPU
		{CDF94F18-399B-442D-9AE7-1AF462455E59}.Debug|x86.Build.0 = Debug|Any CPU
		{CDF94F18-399B-442D-9AE7-1AF462455E59}.Release|Any CPU.ActiveCfg = Release|Any CPU
		{CDF94F18-399B-442D-9AE7-1AF462455E59}.Release|Any CPU.Build.0 = Release|Any CPU
		{CDF94F18-399B-442D-9AE7-1AF462455E59}.Release|x64.ActiveCfg = Release|Any CPU
		{CDF94F18-399B-442D-9AE7-1AF462455E59}.Release|x64.Build.0 = Release|Any CPU
		{CDF94F18-399B-442D-9AE7-1AF462455E59}.Release|x86.ActiveCfg = Release|Any CPU
		{CDF94F18-399B-442D-9AE7-1AF462455E59}.Release|x86.Build.0 = Release|Any CPU
		{F9E65EC5-9568-4527-BD16-701FB4416784}.Debug|Any CPU.ActiveCfg = Debug|Any CPU
		{F9E65EC5-9568-4527-BD16-701FB4416784}.Debug|Any CPU.Build.0 = Debug|Any CPU
		{F9E65EC5-9568-4527-BD16-701FB4416784}.Debug|x64.ActiveCfg = Debug|Any CPU
		{F9E65EC5-9568-4527-BD16-701FB4416784}.Debug|x64.Build.0 = Debug|Any CPU
		{F9E65EC5-9568-4527-BD16-701FB4416784}.Debug|x86.ActiveCfg = Debug|Any CPU
		{F9E65EC5-9568-4527-BD16-701FB4416784}.Debug|x86.Build.0 = Debug|Any CPU
		{F9E65EC5-9568-4527-BD16-701FB4416784}.Release|Any CPU.ActiveCfg = Release|Any CPU
		{F9E65EC5-9568-4527-BD16-701FB4416784}.Release|Any CPU.Build.0 = Release|Any CPU
		{F9E65EC5-9568-4527-BD16-701FB4416784}.Release|x64.ActiveCfg = Release|Any CPU
		{F9E65EC5-9568-4527-BD16-701FB4416784}.Release|x64.Build.0 = Release|Any CPU
		{F9E65EC5-9568-4527-BD16-701FB4416784}.Release|x86.ActiveCfg = Release|Any CPU
		{F9E65EC5-9568-4527-BD16-701FB4416784}.Release|x86.Build.0 = Release|Any CPU
	EndGlobalSection
	GlobalSection(SolutionProperties) = preSolution
		HideSolutionNode = FALSE
	EndGlobalSection
	GlobalSection(ExtensibilityGlobals) = postSolution
		SolutionGuid = {BFAC0FF6-1C16-4C48-8A52-04A31A601E36}
	EndGlobalSection
EndGlobal
