
Microsoft Visual Studio Solution File, Format Version 12.00
# Visual Studio Version 16
VisualStudioVersion = 16.0.29709.97
MinimumVisualStudioVersion = 15.0.26124.0
Project("{9A19103F-16F7-4668-BE54-9A1E7A4F7556}") = "EA.Audit.AuditService", "EA.Audit.AuditService\EA.Audit.AuditService.csproj", "{CDF94F18-399B-442D-9AE7-1AF462455E59}"
EndProject
Project("{9A19103F-16F7-4668-BE54-9A1E7A4F7556}") = "EA.Audit.AuditService.Tests", "EA.Audit.AuditService.Tests\EA.Audit.AuditService.Tests.csproj", "{F9E65EC5-9568-4527-BD16-701FB4416784}"
EndProject
Project("{9A19103F-16F7-4668-BE54-9A1E7A4F7556}") = "EA.Audit.Subscriber", "EA.Audit.Subscriber\EA.Audit.Subscriber.csproj", "{8CB256E4-98F6-4E99-90EE-5908009B6E7C}"
EndProject
Project("{9A19103F-16F7-4668-BE54-9A1E7A4F7556}") = "EA.Audit.Common", "EA.Audit.Common\EA.Audit.Common.csproj", "{8627CE32-C4FC-41CD-860A-F118B28BAFE2}"
EndProject
Project("{9A19103F-16F7-4668-BE54-9A1E7A4F7556}") = "EA.Audit.SubscriberApi", "EA.Audit.SubscriberApi\EA.Audit.SubscriberApi.csproj", "{DA764C3A-2BAC-4AC3-9FF6-AD02418A9B5D}"
EndProject
Global
	GlobalSection(SolutionConfigurationPlatforms) = preSolution
		Debug|Any CPU = Debug|Any CPU
		Debug|x64 = Debug|x64
		Debug|x86 = Debug|x86
		Production|Any CPU = Production|Any CPU
		Production|x64 = Production|x64
		Production|x86 = Production|x86
		Release|Any CPU = Release|Any CPU
		Release|x64 = Release|x64
		Release|x86 = Release|x86
		Sandbox|Any CPU = Sandbox|Any CPU
		Sandbox|x64 = Sandbox|x64
		Sandbox|x86 = Sandbox|x86
		Staging|Any CPU = Staging|Any CPU
		Staging|x64 = Staging|x64
		Staging|x86 = Staging|x86
	EndGlobalSection
	GlobalSection(ProjectConfigurationPlatforms) = postSolution
		{CDF94F18-399B-442D-9AE7-1AF462455E59}.Debug|Any CPU.ActiveCfg = Debug|Any CPU
		{CDF94F18-399B-442D-9AE7-1AF462455E59}.Debug|Any CPU.Build.0 = Debug|Any CPU
		{CDF94F18-399B-442D-9AE7-1AF462455E59}.Debug|x64.ActiveCfg = Debug|Any CPU
		{CDF94F18-399B-442D-9AE7-1AF462455E59}.Debug|x64.Build.0 = Debug|Any CPU
		{CDF94F18-399B-442D-9AE7-1AF462455E59}.Debug|x86.ActiveCfg = Debug|Any CPU
		{CDF94F18-399B-442D-9AE7-1AF462455E59}.Debug|x86.Build.0 = Debug|Any CPU
		{CDF94F18-399B-442D-9AE7-1AF462455E59}.Production|Any CPU.ActiveCfg = Production|Any CPU
		{CDF94F18-399B-442D-9AE7-1AF462455E59}.Production|Any CPU.Build.0 = Production|Any CPU
		{CDF94F18-399B-442D-9AE7-1AF462455E59}.Production|x64.ActiveCfg = Production|Any CPU
		{CDF94F18-399B-442D-9AE7-1AF462455E59}.Production|x64.Build.0 = Production|Any CPU
		{CDF94F18-399B-442D-9AE7-1AF462455E59}.Production|x86.ActiveCfg = Production|Any CPU
		{CDF94F18-399B-442D-9AE7-1AF462455E59}.Production|x86.Build.0 = Production|Any CPU
		{CDF94F18-399B-442D-9AE7-1AF462455E59}.Release|Any CPU.ActiveCfg = Release|Any CPU
		{CDF94F18-399B-442D-9AE7-1AF462455E59}.Release|Any CPU.Build.0 = Release|Any CPU
		{CDF94F18-399B-442D-9AE7-1AF462455E59}.Release|x64.ActiveCfg = Release|Any CPU
		{CDF94F18-399B-442D-9AE7-1AF462455E59}.Release|x64.Build.0 = Release|Any CPU
		{CDF94F18-399B-442D-9AE7-1AF462455E59}.Release|x86.ActiveCfg = Release|Any CPU
		{CDF94F18-399B-442D-9AE7-1AF462455E59}.Release|x86.Build.0 = Release|Any CPU
		{CDF94F18-399B-442D-9AE7-1AF462455E59}.Sandbox|Any CPU.ActiveCfg = Sandbox|Any CPU
		{CDF94F18-399B-442D-9AE7-1AF462455E59}.Sandbox|Any CPU.Build.0 = Sandbox|Any CPU
		{CDF94F18-399B-442D-9AE7-1AF462455E59}.Sandbox|x64.ActiveCfg = Sandbox|Any CPU
		{CDF94F18-399B-442D-9AE7-1AF462455E59}.Sandbox|x64.Build.0 = Sandbox|Any CPU
		{CDF94F18-399B-442D-9AE7-1AF462455E59}.Sandbox|x86.ActiveCfg = Sandbox|Any CPU
		{CDF94F18-399B-442D-9AE7-1AF462455E59}.Sandbox|x86.Build.0 = Sandbox|Any CPU
		{CDF94F18-399B-442D-9AE7-1AF462455E59}.Staging|Any CPU.ActiveCfg = Staging|Any CPU
		{CDF94F18-399B-442D-9AE7-1AF462455E59}.Staging|Any CPU.Build.0 = Staging|Any CPU
		{CDF94F18-399B-442D-9AE7-1AF462455E59}.Staging|x64.ActiveCfg = Staging|Any CPU
		{CDF94F18-399B-442D-9AE7-1AF462455E59}.Staging|x64.Build.0 = Staging|Any CPU
		{CDF94F18-399B-442D-9AE7-1AF462455E59}.Staging|x86.ActiveCfg = Staging|Any CPU
		{CDF94F18-399B-442D-9AE7-1AF462455E59}.Staging|x86.Build.0 = Staging|Any CPU
		{F9E65EC5-9568-4527-BD16-701FB4416784}.Debug|Any CPU.ActiveCfg = Debug|Any CPU
		{F9E65EC5-9568-4527-BD16-701FB4416784}.Debug|Any CPU.Build.0 = Debug|Any CPU
		{F9E65EC5-9568-4527-BD16-701FB4416784}.Debug|x64.ActiveCfg = Debug|Any CPU
		{F9E65EC5-9568-4527-BD16-701FB4416784}.Debug|x64.Build.0 = Debug|Any CPU
		{F9E65EC5-9568-4527-BD16-701FB4416784}.Debug|x86.ActiveCfg = Debug|Any CPU
		{F9E65EC5-9568-4527-BD16-701FB4416784}.Debug|x86.Build.0 = Debug|Any CPU
		{F9E65EC5-9568-4527-BD16-701FB4416784}.Production|Any CPU.ActiveCfg = Production|Any CPU
		{F9E65EC5-9568-4527-BD16-701FB4416784}.Production|Any CPU.Build.0 = Production|Any CPU
		{F9E65EC5-9568-4527-BD16-701FB4416784}.Production|x64.ActiveCfg = Production|Any CPU
		{F9E65EC5-9568-4527-BD16-701FB4416784}.Production|x64.Build.0 = Production|Any CPU
		{F9E65EC5-9568-4527-BD16-701FB4416784}.Production|x86.ActiveCfg = Production|Any CPU
		{F9E65EC5-9568-4527-BD16-701FB4416784}.Production|x86.Build.0 = Production|Any CPU
		{F9E65EC5-9568-4527-BD16-701FB4416784}.Release|Any CPU.ActiveCfg = Release|Any CPU
		{F9E65EC5-9568-4527-BD16-701FB4416784}.Release|Any CPU.Build.0 = Release|Any CPU
		{F9E65EC5-9568-4527-BD16-701FB4416784}.Release|x64.ActiveCfg = Release|Any CPU
		{F9E65EC5-9568-4527-BD16-701FB4416784}.Release|x64.Build.0 = Release|Any CPU
		{F9E65EC5-9568-4527-BD16-701FB4416784}.Release|x86.ActiveCfg = Release|Any CPU
		{F9E65EC5-9568-4527-BD16-701FB4416784}.Release|x86.Build.0 = Release|Any CPU
		{F9E65EC5-9568-4527-BD16-701FB4416784}.Sandbox|Any CPU.ActiveCfg = Sandbox|Any CPU
		{F9E65EC5-9568-4527-BD16-701FB4416784}.Sandbox|Any CPU.Build.0 = Sandbox|Any CPU
		{F9E65EC5-9568-4527-BD16-701FB4416784}.Sandbox|x64.ActiveCfg = Sandbox|Any CPU
		{F9E65EC5-9568-4527-BD16-701FB4416784}.Sandbox|x64.Build.0 = Sandbox|Any CPU
		{F9E65EC5-9568-4527-BD16-701FB4416784}.Sandbox|x86.ActiveCfg = Sandbox|Any CPU
		{F9E65EC5-9568-4527-BD16-701FB4416784}.Sandbox|x86.Build.0 = Sandbox|Any CPU
		{F9E65EC5-9568-4527-BD16-701FB4416784}.Staging|Any CPU.ActiveCfg = Staging|Any CPU
		{F9E65EC5-9568-4527-BD16-701FB4416784}.Staging|Any CPU.Build.0 = Staging|Any CPU
		{F9E65EC5-9568-4527-BD16-701FB4416784}.Staging|x64.ActiveCfg = Staging|Any CPU
		{F9E65EC5-9568-4527-BD16-701FB4416784}.Staging|x64.Build.0 = Staging|Any CPU
		{F9E65EC5-9568-4527-BD16-701FB4416784}.Staging|x86.ActiveCfg = Staging|Any CPU
		{F9E65EC5-9568-4527-BD16-701FB4416784}.Staging|x86.Build.0 = Staging|Any CPU
		{8CB256E4-98F6-4E99-90EE-5908009B6E7C}.Debug|Any CPU.ActiveCfg = Debug|Any CPU
		{8CB256E4-98F6-4E99-90EE-5908009B6E7C}.Debug|Any CPU.Build.0 = Debug|Any CPU
		{8CB256E4-98F6-4E99-90EE-5908009B6E7C}.Debug|x64.ActiveCfg = Debug|Any CPU
		{8CB256E4-98F6-4E99-90EE-5908009B6E7C}.Debug|x64.Build.0 = Debug|Any CPU
		{8CB256E4-98F6-4E99-90EE-5908009B6E7C}.Debug|x86.ActiveCfg = Debug|Any CPU
		{8CB256E4-98F6-4E99-90EE-5908009B6E7C}.Debug|x86.Build.0 = Debug|Any CPU
		{8CB256E4-98F6-4E99-90EE-5908009B6E7C}.Production|Any CPU.ActiveCfg = Production|Any CPU
		{8CB256E4-98F6-4E99-90EE-5908009B6E7C}.Production|Any CPU.Build.0 = Production|Any CPU
		{8CB256E4-98F6-4E99-90EE-5908009B6E7C}.Production|x64.ActiveCfg = Production|Any CPU
		{8CB256E4-98F6-4E99-90EE-5908009B6E7C}.Production|x64.Build.0 = Production|Any CPU
		{8CB256E4-98F6-4E99-90EE-5908009B6E7C}.Production|x86.ActiveCfg = Production|Any CPU
		{8CB256E4-98F6-4E99-90EE-5908009B6E7C}.Production|x86.Build.0 = Production|Any CPU
		{8CB256E4-98F6-4E99-90EE-5908009B6E7C}.Release|Any CPU.ActiveCfg = Release|Any CPU
		{8CB256E4-98F6-4E99-90EE-5908009B6E7C}.Release|Any CPU.Build.0 = Release|Any CPU
		{8CB256E4-98F6-4E99-90EE-5908009B6E7C}.Release|x64.ActiveCfg = Release|Any CPU
		{8CB256E4-98F6-4E99-90EE-5908009B6E7C}.Release|x64.Build.0 = Release|Any CPU
		{8CB256E4-98F6-4E99-90EE-5908009B6E7C}.Release|x86.ActiveCfg = Release|Any CPU
		{8CB256E4-98F6-4E99-90EE-5908009B6E7C}.Release|x86.Build.0 = Release|Any CPU
		{8CB256E4-98F6-4E99-90EE-5908009B6E7C}.Sandbox|Any CPU.ActiveCfg = Sandbox|Any CPU
		{8CB256E4-98F6-4E99-90EE-5908009B6E7C}.Sandbox|Any CPU.Build.0 = Sandbox|Any CPU
		{8CB256E4-98F6-4E99-90EE-5908009B6E7C}.Sandbox|x64.ActiveCfg = Sandbox|Any CPU
		{8CB256E4-98F6-4E99-90EE-5908009B6E7C}.Sandbox|x64.Build.0 = Sandbox|Any CPU
		{8CB256E4-98F6-4E99-90EE-5908009B6E7C}.Sandbox|x86.ActiveCfg = Sandbox|Any CPU
		{8CB256E4-98F6-4E99-90EE-5908009B6E7C}.Sandbox|x86.Build.0 = Sandbox|Any CPU
		{8CB256E4-98F6-4E99-90EE-5908009B6E7C}.Staging|Any CPU.ActiveCfg = Staging|Any CPU
		{8CB256E4-98F6-4E99-90EE-5908009B6E7C}.Staging|Any CPU.Build.0 = Staging|Any CPU
		{8CB256E4-98F6-4E99-90EE-5908009B6E7C}.Staging|x64.ActiveCfg = Staging|Any CPU
		{8CB256E4-98F6-4E99-90EE-5908009B6E7C}.Staging|x64.Build.0 = Staging|Any CPU
		{8CB256E4-98F6-4E99-90EE-5908009B6E7C}.Staging|x86.ActiveCfg = Staging|Any CPU
		{8CB256E4-98F6-4E99-90EE-5908009B6E7C}.Staging|x86.Build.0 = Staging|Any CPU
		{8627CE32-C4FC-41CD-860A-F118B28BAFE2}.Debug|Any CPU.ActiveCfg = Debug|Any CPU
		{8627CE32-C4FC-41CD-860A-F118B28BAFE2}.Debug|Any CPU.Build.0 = Debug|Any CPU
		{8627CE32-C4FC-41CD-860A-F118B28BAFE2}.Debug|x64.ActiveCfg = Debug|Any CPU
		{8627CE32-C4FC-41CD-860A-F118B28BAFE2}.Debug|x64.Build.0 = Debug|Any CPU
		{8627CE32-C4FC-41CD-860A-F118B28BAFE2}.Debug|x86.ActiveCfg = Debug|Any CPU
		{8627CE32-C4FC-41CD-860A-F118B28BAFE2}.Debug|x86.Build.0 = Debug|Any CPU
		{8627CE32-C4FC-41CD-860A-F118B28BAFE2}.Production|Any CPU.ActiveCfg = Production|Any CPU
		{8627CE32-C4FC-41CD-860A-F118B28BAFE2}.Production|Any CPU.Build.0 = Production|Any CPU
		{8627CE32-C4FC-41CD-860A-F118B28BAFE2}.Production|x64.ActiveCfg = Production|Any CPU
		{8627CE32-C4FC-41CD-860A-F118B28BAFE2}.Production|x64.Build.0 = Production|Any CPU
		{8627CE32-C4FC-41CD-860A-F118B28BAFE2}.Production|x86.ActiveCfg = Production|Any CPU
		{8627CE32-C4FC-41CD-860A-F118B28BAFE2}.Production|x86.Build.0 = Production|Any CPU
		{8627CE32-C4FC-41CD-860A-F118B28BAFE2}.Release|Any CPU.ActiveCfg = Release|Any CPU
		{8627CE32-C4FC-41CD-860A-F118B28BAFE2}.Release|Any CPU.Build.0 = Release|Any CPU
		{8627CE32-C4FC-41CD-860A-F118B28BAFE2}.Release|x64.ActiveCfg = Release|Any CPU
		{8627CE32-C4FC-41CD-860A-F118B28BAFE2}.Release|x64.Build.0 = Release|Any CPU
		{8627CE32-C4FC-41CD-860A-F118B28BAFE2}.Release|x86.ActiveCfg = Release|Any CPU
		{8627CE32-C4FC-41CD-860A-F118B28BAFE2}.Release|x86.Build.0 = Release|Any CPU
		{8627CE32-C4FC-41CD-860A-F118B28BAFE2}.Sandbox|Any CPU.ActiveCfg = Sandbox|Any CPU
		{8627CE32-C4FC-41CD-860A-F118B28BAFE2}.Sandbox|Any CPU.Build.0 = Sandbox|Any CPU
		{8627CE32-C4FC-41CD-860A-F118B28BAFE2}.Sandbox|x64.ActiveCfg = Sandbox|Any CPU
		{8627CE32-C4FC-41CD-860A-F118B28BAFE2}.Sandbox|x64.Build.0 = Sandbox|Any CPU
		{8627CE32-C4FC-41CD-860A-F118B28BAFE2}.Sandbox|x86.ActiveCfg = Sandbox|Any CPU
		{8627CE32-C4FC-41CD-860A-F118B28BAFE2}.Sandbox|x86.Build.0 = Sandbox|Any CPU
		{8627CE32-C4FC-41CD-860A-F118B28BAFE2}.Staging|Any CPU.ActiveCfg = Staging|Any CPU
		{8627CE32-C4FC-41CD-860A-F118B28BAFE2}.Staging|Any CPU.Build.0 = Staging|Any CPU
		{8627CE32-C4FC-41CD-860A-F118B28BAFE2}.Staging|x64.ActiveCfg = Staging|Any CPU
		{8627CE32-C4FC-41CD-860A-F118B28BAFE2}.Staging|x64.Build.0 = Staging|Any CPU
		{8627CE32-C4FC-41CD-860A-F118B28BAFE2}.Staging|x86.ActiveCfg = Staging|Any CPU
		{8627CE32-C4FC-41CD-860A-F118B28BAFE2}.Staging|x86.Build.0 = Staging|Any CPU
		{DA764C3A-2BAC-4AC3-9FF6-AD02418A9B5D}.Debug|Any CPU.ActiveCfg = Debug|Any CPU
		{DA764C3A-2BAC-4AC3-9FF6-AD02418A9B5D}.Debug|Any CPU.Build.0 = Debug|Any CPU
		{DA764C3A-2BAC-4AC3-9FF6-AD02418A9B5D}.Debug|x64.ActiveCfg = Debug|Any CPU
		{DA764C3A-2BAC-4AC3-9FF6-AD02418A9B5D}.Debug|x64.Build.0 = Debug|Any CPU
		{DA764C3A-2BAC-4AC3-9FF6-AD02418A9B5D}.Debug|x86.ActiveCfg = Debug|Any CPU
		{DA764C3A-2BAC-4AC3-9FF6-AD02418A9B5D}.Debug|x86.Build.0 = Debug|Any CPU
		{DA764C3A-2BAC-4AC3-9FF6-AD02418A9B5D}.Production|Any CPU.ActiveCfg = Production|Any CPU
		{DA764C3A-2BAC-4AC3-9FF6-AD02418A9B5D}.Production|Any CPU.Build.0 = Production|Any CPU
		{DA764C3A-2BAC-4AC3-9FF6-AD02418A9B5D}.Production|x64.ActiveCfg = Production|Any CPU
		{DA764C3A-2BAC-4AC3-9FF6-AD02418A9B5D}.Production|x64.Build.0 = Production|Any CPU
		{DA764C3A-2BAC-4AC3-9FF6-AD02418A9B5D}.Production|x86.ActiveCfg = Production|Any CPU
		{DA764C3A-2BAC-4AC3-9FF6-AD02418A9B5D}.Production|x86.Build.0 = Production|Any CPU
		{DA764C3A-2BAC-4AC3-9FF6-AD02418A9B5D}.Release|Any CPU.ActiveCfg = Release|Any CPU
		{DA764C3A-2BAC-4AC3-9FF6-AD02418A9B5D}.Release|Any CPU.Build.0 = Release|Any CPU
		{DA764C3A-2BAC-4AC3-9FF6-AD02418A9B5D}.Release|x64.ActiveCfg = Release|Any CPU
		{DA764C3A-2BAC-4AC3-9FF6-AD02418A9B5D}.Release|x64.Build.0 = Release|Any CPU
		{DA764C3A-2BAC-4AC3-9FF6-AD02418A9B5D}.Release|x86.ActiveCfg = Release|Any CPU
		{DA764C3A-2BAC-4AC3-9FF6-AD02418A9B5D}.Release|x86.Build.0 = Release|Any CPU
		{DA764C3A-2BAC-4AC3-9FF6-AD02418A9B5D}.Sandbox|Any CPU.ActiveCfg = Sandbox|Any CPU
		{DA764C3A-2BAC-4AC3-9FF6-AD02418A9B5D}.Sandbox|Any CPU.Build.0 = Sandbox|Any CPU
		{DA764C3A-2BAC-4AC3-9FF6-AD02418A9B5D}.Sandbox|x64.ActiveCfg = Sandbox|Any CPU
		{DA764C3A-2BAC-4AC3-9FF6-AD02418A9B5D}.Sandbox|x64.Build.0 = Sandbox|Any CPU
		{DA764C3A-2BAC-4AC3-9FF6-AD02418A9B5D}.Sandbox|x86.ActiveCfg = Sandbox|Any CPU
		{DA764C3A-2BAC-4AC3-9FF6-AD02418A9B5D}.Sandbox|x86.Build.0 = Sandbox|Any CPU
		{DA764C3A-2BAC-4AC3-9FF6-AD02418A9B5D}.Staging|Any CPU.ActiveCfg = Staging|Any CPU
		{DA764C3A-2BAC-4AC3-9FF6-AD02418A9B5D}.Staging|Any CPU.Build.0 = Staging|Any CPU
		{DA764C3A-2BAC-4AC3-9FF6-AD02418A9B5D}.Staging|x64.ActiveCfg = Staging|Any CPU
		{DA764C3A-2BAC-4AC3-9FF6-AD02418A9B5D}.Staging|x64.Build.0 = Staging|Any CPU
		{DA764C3A-2BAC-4AC3-9FF6-AD02418A9B5D}.Staging|x86.ActiveCfg = Staging|Any CPU
		{DA764C3A-2BAC-4AC3-9FF6-AD02418A9B5D}.Staging|x86.Build.0 = Staging|Any CPU
	EndGlobalSection
	GlobalSection(SolutionProperties) = preSolution
		HideSolutionNode = FALSE
	EndGlobalSection
	GlobalSection(ExtensibilityGlobals) = postSolution
		SolutionGuid = {BFAC0FF6-1C16-4C48-8A52-04A31A601E36}
	EndGlobalSection
EndGlobal
